
Microsoft Visual Studio Solution File, Format Version 12.00
# Visual Studio Version 17
VisualStudioVersion = 17.2.32505.173
MinimumVisualStudioVersion = 10.0.40219.1
Project("{FAE04EC0-301F-11D3-BF4B-00C04F79EFBC}") = "web_chart", "web_chart.csproj", "{4762E6A6-7BB7-402A-AA8C-DFCEB613C65E}"
EndProject
Global
	GlobalSection(SolutionConfigurationPlatforms) = preSolution
		Debug|Any CPU = Debug|Any CPU
		Release|Any CPU = Release|Any CPU
	EndGlobalSection
	GlobalSection(ProjectConfigurationPlatforms) = postSolution
		{4762E6A6-7BB7-402A-AA8C-DFCEB613C65E}.Debug|Any CPU.ActiveCfg = Debug|Any CPU
		{4762E6A6-7BB7-402A-AA8C-DFCEB613C65E}.Debug|Any CPU.Build.0 = Debug|Any CPU
		{4762E6A6-7BB7-402A-AA8C-DFCEB613C65E}.Release|Any CPU.ActiveCfg = Release|Any CPU
		{4762E6A6-7BB7-402A-AA8C-DFCEB613C65E}.Release|Any CPU.Build.0 = Release|Any CPU
	EndGlobalSection
	GlobalSection(SolutionProperties) = preSolution
		HideSolutionNode = FALSE
	EndGlobalSection
	GlobalSection(ExtensibilityGlobals) = postSolution
		SolutionGuid = {D5D44FBA-E512-4169-9EE5-8AA83D76AD9A}
	EndGlobalSection
EndGlobal
